
Microsoft Visual Studio Solution File, Format Version 12.00
# Visual Studio Version 16
VisualStudioVersion = 16.0.31729.503
MinimumVisualStudioVersion = 10.0.40219.1
Project("{FAE04EC0-301F-11D3-BF4B-00C04F79EFBC}") = "employee-control-mvc", "employee-control-mvc\employee-control-mvc.csproj", "{1631291B-135E-4ED9-8940-65A1E0FB463B}"
EndProject
Global
	GlobalSection(SolutionConfigurationPlatforms) = preSolution
		Debug|Any CPU = Debug|Any CPU
		Release|Any CPU = Release|Any CPU
	EndGlobalSection
	GlobalSection(ProjectConfigurationPlatforms) = postSolution
		{1631291B-135E-4ED9-8940-65A1E0FB463B}.Debug|Any CPU.ActiveCfg = Debug|Any CPU
		{1631291B-135E-4ED9-8940-65A1E0FB463B}.Debug|Any CPU.Build.0 = Debug|Any CPU
		{1631291B-135E-4ED9-8940-65A1E0FB463B}.Release|Any CPU.ActiveCfg = Release|Any CPU
		{1631291B-135E-4ED9-8940-65A1E0FB463B}.Release|Any CPU.Build.0 = Release|Any CPU
	EndGlobalSection
	GlobalSection(SolutionProperties) = preSolution
		HideSolutionNode = FALSE
	EndGlobalSection
	GlobalSection(ExtensibilityGlobals) = postSolution
		SolutionGuid = {721CAEC8-753B-4EC5-A191-04EF8627F0D2}
	EndGlobalSection
EndGlobal
